// !$*UTF8*$!
{
	archiveVersion = 1;
	classes = {
	};
	objectVersion = 56;
	objects = {

/* Begin PBXBuildFile section */
		571190172AB7E142008939E5 /* ExperienceCardView.swift in Sources */ = {isa = PBXBuildFile; fileRef = 571190162AB7E142008939E5 /* ExperienceCardView.swift */; };
		5711901A2AB8435E008939E5 /* AddExperienceView.swift in Sources */ = {isa = PBXBuildFile; fileRef = 571190192AB8435E008939E5 /* AddExperienceView.swift */; };
		5711901C2AB843D5008939E5 /* EditExperienceView.swift in Sources */ = {isa = PBXBuildFile; fileRef = 5711901B2AB843D5008939E5 /* EditExperienceView.swift */; };
		5711EC242AEE8BA200F485A2 /* SearchBarView.swift in Sources */ = {isa = PBXBuildFile; fileRef = 5711EC232AEE8BA200F485A2 /* SearchBarView.swift */; };
		571AED1F2A9CE4E700921EBC /* SignInView.swift in Sources */ = {isa = PBXBuildFile; fileRef = 571AED1E2A9CE4E700921EBC /* SignInView.swift */; };
		5720C1E72A9311A400498B8F /* Enum.swift in Sources */ = {isa = PBXBuildFile; fileRef = 5720C1E62A9311A400498B8F /* Enum.swift */; };
		5720C1EA2A93190300498B8F /* TextFieldStyle.swift in Sources */ = {isa = PBXBuildFile; fileRef = 5720C1E92A93190300498B8F /* TextFieldStyle.swift */; };
		5721A5822AB0A3A9009AF08B /* ArticleManager.swift in Sources */ = {isa = PBXBuildFile; fileRef = 5721A5812AB0A3A9009AF08B /* ArticleManager.swift */; };
		572BC43E2AA836C400E62003 /* GenreView.swift in Sources */ = {isa = PBXBuildFile; fileRef = 572BC43D2AA836C400E62003 /* GenreView.swift */; };
		57345ABB2A9A1FB9008F1F00 /* GoogleService-Info.plist in Resources */ = {isa = PBXBuildFile; fileRef = 57345ABA2A9A1FB9008F1F00 /* GoogleService-Info.plist */; };
		57345ABE2A9A2896008F1F00 /* Model.swift in Sources */ = {isa = PBXBuildFile; fileRef = 57345ABD2A9A2895008F1F00 /* Model.swift */; };
		57345AC42A9A3BAC008F1F00 /* SDWebImageSwiftUI in Frameworks */ = {isa = PBXBuildFile; productRef = 57345AC32A9A3BAC008F1F00 /* SDWebImageSwiftUI */; };
		57345AC62A9A4D83008F1F00 /* PlatformIconView.swift in Sources */ = {isa = PBXBuildFile; fileRef = 57345AC52A9A4D83008F1F00 /* PlatformIconView.swift */; };
		5735EED32A8CF6FC00E3BB0C /* Extensions.swift in Sources */ = {isa = PBXBuildFile; fileRef = 5735EED22A8CF6FC00E3BB0C /* Extensions.swift */; };
		5739F0762AB2099500F5B22A /* TodayArticleView.swift in Sources */ = {isa = PBXBuildFile; fileRef = 5739F0752AB2099500F5B22A /* TodayArticleView.swift */; };
		5739F0782AB20C7D00F5B22A /* TodayGameView.swift in Sources */ = {isa = PBXBuildFile; fileRef = 5739F0772AB20C7D00F5B22A /* TodayGameView.swift */; };
		573E5EE72A9D8655009A27EA /* ForgetPasswordView.swift in Sources */ = {isa = PBXBuildFile; fileRef = 573E5EE62A9D8655009A27EA /* ForgetPasswordView.swift */; };
		574269B82A94659600752C81 /* GameDetailView.swift in Sources */ = {isa = PBXBuildFile; fileRef = 574269B72A94659600752C81 /* GameDetailView.swift */; };
		57438F9D2AA4515B00E98BB3 /* DeleteAccountView.swift in Sources */ = {isa = PBXBuildFile; fileRef = 57438F9C2AA4515B00E98BB3 /* DeleteAccountView.swift */; };
		574775AF2A9AD9970093B930 /* ShareSheetView.swift in Sources */ = {isa = PBXBuildFile; fileRef = 574775AE2A9AD9970093B930 /* ShareSheetView.swift */; };
		574775B12A9B33E40093B930 /* GameManager.swift in Sources */ = {isa = PBXBuildFile; fileRef = 574775B02A9B33E40093B930 /* GameManager.swift */; };
		574775B32A9B4BE10093B930 /* AuthManager.swift in Sources */ = {isa = PBXBuildFile; fileRef = 574775B22A9B4BE00093B930 /* AuthManager.swift */; };
		574775B52A9B6BD50093B930 /* SignUpView.swift in Sources */ = {isa = PBXBuildFile; fileRef = 574775B42A9B6BD50093B930 /* SignUpView.swift */; };
		575B4D302AE164C7003E4E1E /* SearchView.swift in Sources */ = {isa = PBXBuildFile; fileRef = 575B4D2F2AE164C7003E4E1E /* SearchView.swift */; };
		576E4D1E2A9867730053493A /* RootView.swift in Sources */ = {isa = PBXBuildFile; fileRef = 576E4D1D2A9867730053493A /* RootView.swift */; };
		577FB5A02A8E54CF009CA6C1 /* DiscoverCarouselView.swift in Sources */ = {isa = PBXBuildFile; fileRef = 577FB59F2A8E54CF009CA6C1 /* DiscoverCarouselView.swift */; };
		578838BD2A8C7C0C006A1586 /* Gado_GadoApp.swift in Sources */ = {isa = PBXBuildFile; fileRef = 578838BC2A8C7C0C006A1586 /* Gado_GadoApp.swift */; };
		578838BF2A8C7C0C006A1586 /* TodayView.swift in Sources */ = {isa = PBXBuildFile; fileRef = 578838BE2A8C7C0C006A1586 /* TodayView.swift */; };
		578838C12A8C7C0E006A1586 /* Assets.xcassets in Resources */ = {isa = PBXBuildFile; fileRef = 578838C02A8C7C0E006A1586 /* Assets.xcassets */; };
		578838C42A8C7C0E006A1586 /* Preview Assets.xcassets in Resources */ = {isa = PBXBuildFile; fileRef = 578838C32A8C7C0E006A1586 /* Preview Assets.xcassets */; };
		578838CF2A8CA43B006A1586 /* FirebaseAnalytics in Frameworks */ = {isa = PBXBuildFile; productRef = 578838CE2A8CA43B006A1586 /* FirebaseAnalytics */; };
		578838D12A8CA43B006A1586 /* FirebaseAnalyticsSwift in Frameworks */ = {isa = PBXBuildFile; productRef = 578838D02A8CA43B006A1586 /* FirebaseAnalyticsSwift */; };
		578838D32A8CA43B006A1586 /* FirebaseAuth in Frameworks */ = {isa = PBXBuildFile; productRef = 578838D22A8CA43B006A1586 /* FirebaseAuth */; };
		578838D52A8CA43B006A1586 /* FirebaseFirestore in Frameworks */ = {isa = PBXBuildFile; productRef = 578838D42A8CA43B006A1586 /* FirebaseFirestore */; };
		578838D72A8CA43B006A1586 /* FirebaseFirestoreSwift in Frameworks */ = {isa = PBXBuildFile; productRef = 578838D62A8CA43B006A1586 /* FirebaseFirestoreSwift */; };
		578838D92A8CD997006A1586 /* ExperienceView.swift in Sources */ = {isa = PBXBuildFile; fileRef = 578838D82A8CD997006A1586 /* ExperienceView.swift */; };
		578838DB2A8CD9AB006A1586 /* DiscoverView.swift in Sources */ = {isa = PBXBuildFile; fileRef = 578838DA2A8CD9AB006A1586 /* DiscoverView.swift */; };
		578838DD2A8CD9BE006A1586 /* ProfileView.swift in Sources */ = {isa = PBXBuildFile; fileRef = 578838DC2A8CD9BE006A1586 /* ProfileView.swift */; };
		579271742AA32A7100F24217 /* UpdateEmailView.swift in Sources */ = {isa = PBXBuildFile; fileRef = 579271732AA32A7100F24217 /* UpdateEmailView.swift */; };
		5797B7DF2AF3B0DF00A72248 /* UtilityModifier.swift in Sources */ = {isa = PBXBuildFile; fileRef = 5797B7DE2AF3B0DF00A72248 /* UtilityModifier.swift */; };
		57A2761B2AA7707500ECA989 /* PlatformSelectView.swift in Sources */ = {isa = PBXBuildFile; fileRef = 57A2761A2AA7707500ECA989 /* PlatformSelectView.swift */; };
		57A9D6232AA57EE80053C471 /* StorageManager.swift in Sources */ = {isa = PBXBuildFile; fileRef = 57A9D6222AA57EE80053C471 /* StorageManager.swift */; };
		57A9D6262AA57F800053C471 /* FirebaseStorage in Frameworks */ = {isa = PBXBuildFile; productRef = 57A9D6252AA57F800053C471 /* FirebaseStorage */; };
		57B164222AA180B200E8260B /* UpdatePasswordView.swift in Sources */ = {isa = PBXBuildFile; fileRef = 57B164212AA180B200E8260B /* UpdatePasswordView.swift */; };
		57C863892AA9D3A300FDA7F7 /* EditProfileView.swift in Sources */ = {isa = PBXBuildFile; fileRef = 57C863882AA9D3A300FDA7F7 /* EditProfileView.swift */; };
		57DA67532AB29B7C005CF4E5 /* ArticleDetailView.swift in Sources */ = {isa = PBXBuildFile; fileRef = 57DA67522AB29B7C005CF4E5 /* ArticleDetailView.swift */; };
		57DE41FE2A9240B9001344EA /* BottomSheet in Frameworks */ = {isa = PBXBuildFile; productRef = 57DE41FD2A9240B9001344EA /* BottomSheet */; };
		57DE42002A926146001344EA /* ImagePicker.swift in Sources */ = {isa = PBXBuildFile; fileRef = 57DE41FF2A926146001344EA /* ImagePicker.swift */; };
		57E432052AB6F53B0061081F /* DiscoverPlatformView.swift in Sources */ = {isa = PBXBuildFile; fileRef = 57E432042AB6F53B0061081F /* DiscoverPlatformView.swift */; };
		57FF051B2A9210D200F1A6CD /* VisualEffectView in Frameworks */ = {isa = PBXBuildFile; productRef = 57FF051A2A9210D200F1A6CD /* VisualEffectView */; };
/* End PBXBuildFile section */

/* Begin PBXFileReference section */
		571190162AB7E142008939E5 /* ExperienceCardView.swift */ = {isa = PBXFileReference; lastKnownFileType = sourcecode.swift; path = ExperienceCardView.swift; sourceTree = "<group>"; };
		571190192AB8435E008939E5 /* AddExperienceView.swift */ = {isa = PBXFileReference; lastKnownFileType = sourcecode.swift; path = AddExperienceView.swift; sourceTree = "<group>"; };
		5711901B2AB843D5008939E5 /* EditExperienceView.swift */ = {isa = PBXFileReference; lastKnownFileType = sourcecode.swift; path = EditExperienceView.swift; sourceTree = "<group>"; };
		5711EC232AEE8BA200F485A2 /* SearchBarView.swift */ = {isa = PBXFileReference; lastKnownFileType = sourcecode.swift; path = SearchBarView.swift; sourceTree = "<group>"; };
		571AED1E2A9CE4E700921EBC /* SignInView.swift */ = {isa = PBXFileReference; lastKnownFileType = sourcecode.swift; path = SignInView.swift; sourceTree = "<group>"; };
		5720C1E62A9311A400498B8F /* Enum.swift */ = {isa = PBXFileReference; lastKnownFileType = sourcecode.swift; path = Enum.swift; sourceTree = "<group>"; };
		5720C1E92A93190300498B8F /* TextFieldStyle.swift */ = {isa = PBXFileReference; lastKnownFileType = sourcecode.swift; path = TextFieldStyle.swift; sourceTree = "<group>"; };
		5721A5812AB0A3A9009AF08B /* ArticleManager.swift */ = {isa = PBXFileReference; lastKnownFileType = sourcecode.swift; path = ArticleManager.swift; sourceTree = "<group>"; };
		572BC43D2AA836C400E62003 /* GenreView.swift */ = {isa = PBXFileReference; lastKnownFileType = sourcecode.swift; path = GenreView.swift; sourceTree = "<group>"; };
		57345ABA2A9A1FB9008F1F00 /* GoogleService-Info.plist */ = {isa = PBXFileReference; fileEncoding = 4; lastKnownFileType = text.plist.xml; path = "GoogleService-Info.plist"; sourceTree = "<group>"; };
		57345ABD2A9A2895008F1F00 /* Model.swift */ = {isa = PBXFileReference; lastKnownFileType = sourcecode.swift; path = Model.swift; sourceTree = "<group>"; };
		57345AC52A9A4D83008F1F00 /* PlatformIconView.swift */ = {isa = PBXFileReference; lastKnownFileType = sourcecode.swift; path = PlatformIconView.swift; sourceTree = "<group>"; };
		5735EED22A8CF6FC00E3BB0C /* Extensions.swift */ = {isa = PBXFileReference; lastKnownFileType = sourcecode.swift; path = Extensions.swift; sourceTree = "<group>"; };
		5739F0752AB2099500F5B22A /* TodayArticleView.swift */ = {isa = PBXFileReference; lastKnownFileType = sourcecode.swift; path = TodayArticleView.swift; sourceTree = "<group>"; };
		5739F0772AB20C7D00F5B22A /* TodayGameView.swift */ = {isa = PBXFileReference; lastKnownFileType = sourcecode.swift; path = TodayGameView.swift; sourceTree = "<group>"; };
		573E5EE62A9D8655009A27EA /* ForgetPasswordView.swift */ = {isa = PBXFileReference; lastKnownFileType = sourcecode.swift; path = ForgetPasswordView.swift; sourceTree = "<group>"; };
		574269B72A94659600752C81 /* GameDetailView.swift */ = {isa = PBXFileReference; lastKnownFileType = sourcecode.swift; path = GameDetailView.swift; sourceTree = "<group>"; };
		57438F9C2AA4515B00E98BB3 /* DeleteAccountView.swift */ = {isa = PBXFileReference; lastKnownFileType = sourcecode.swift; path = DeleteAccountView.swift; sourceTree = "<group>"; };
		574775AE2A9AD9970093B930 /* ShareSheetView.swift */ = {isa = PBXFileReference; lastKnownFileType = sourcecode.swift; path = ShareSheetView.swift; sourceTree = "<group>"; };
		574775B02A9B33E40093B930 /* GameManager.swift */ = {isa = PBXFileReference; lastKnownFileType = sourcecode.swift; path = GameManager.swift; sourceTree = "<group>"; };
		574775B22A9B4BE00093B930 /* AuthManager.swift */ = {isa = PBXFileReference; lastKnownFileType = sourcecode.swift; path = AuthManager.swift; sourceTree = "<group>"; };
		574775B42A9B6BD50093B930 /* SignUpView.swift */ = {isa = PBXFileReference; lastKnownFileType = sourcecode.swift; path = SignUpView.swift; sourceTree = "<group>"; };
		575B4D2F2AE164C7003E4E1E /* SearchView.swift */ = {isa = PBXFileReference; lastKnownFileType = sourcecode.swift; path = SearchView.swift; sourceTree = "<group>"; };
		576E4D1D2A9867730053493A /* RootView.swift */ = {isa = PBXFileReference; lastKnownFileType = sourcecode.swift; path = RootView.swift; sourceTree = "<group>"; };
		577FB59F2A8E54CF009CA6C1 /* DiscoverCarouselView.swift */ = {isa = PBXFileReference; lastKnownFileType = sourcecode.swift; path = DiscoverCarouselView.swift; sourceTree = "<group>"; };
		578838B92A8C7C0C006A1586 /* Gado Gado.app */ = {isa = PBXFileReference; explicitFileType = wrapper.application; includeInIndex = 0; path = "Gado Gado.app"; sourceTree = BUILT_PRODUCTS_DIR; };
		578838BC2A8C7C0C006A1586 /* Gado_GadoApp.swift */ = {isa = PBXFileReference; lastKnownFileType = sourcecode.swift; path = Gado_GadoApp.swift; sourceTree = "<group>"; };
		578838BE2A8C7C0C006A1586 /* TodayView.swift */ = {isa = PBXFileReference; lastKnownFileType = sourcecode.swift; path = TodayView.swift; sourceTree = "<group>"; };
		578838C02A8C7C0E006A1586 /* Assets.xcassets */ = {isa = PBXFileReference; lastKnownFileType = folder.assetcatalog; path = Assets.xcassets; sourceTree = "<group>"; };
		578838C32A8C7C0E006A1586 /* Preview Assets.xcassets */ = {isa = PBXFileReference; lastKnownFileType = folder.assetcatalog; path = "Preview Assets.xcassets"; sourceTree = "<group>"; };
		578838D82A8CD997006A1586 /* ExperienceView.swift */ = {isa = PBXFileReference; lastKnownFileType = sourcecode.swift; path = ExperienceView.swift; sourceTree = "<group>"; };
		578838DA2A8CD9AB006A1586 /* DiscoverView.swift */ = {isa = PBXFileReference; lastKnownFileType = sourcecode.swift; path = DiscoverView.swift; sourceTree = "<group>"; };
		578838DC2A8CD9BE006A1586 /* ProfileView.swift */ = {isa = PBXFileReference; lastKnownFileType = sourcecode.swift; path = ProfileView.swift; sourceTree = "<group>"; };
		579271732AA32A7100F24217 /* UpdateEmailView.swift */ = {isa = PBXFileReference; lastKnownFileType = sourcecode.swift; path = UpdateEmailView.swift; sourceTree = "<group>"; };
		5797B7DE2AF3B0DF00A72248 /* UtilityModifier.swift */ = {isa = PBXFileReference; lastKnownFileType = sourcecode.swift; path = UtilityModifier.swift; sourceTree = "<group>"; };
		57A276192AA6DBE100ECA989 /* Gado-Gado-Info.plist */ = {isa = PBXFileReference; lastKnownFileType = text.plist; path = "Gado-Gado-Info.plist"; sourceTree = SOURCE_ROOT; };
		57A2761A2AA7707500ECA989 /* PlatformSelectView.swift */ = {isa = PBXFileReference; lastKnownFileType = sourcecode.swift; path = PlatformSelectView.swift; sourceTree = "<group>"; };
		57A9D6222AA57EE80053C471 /* StorageManager.swift */ = {isa = PBXFileReference; lastKnownFileType = sourcecode.swift; path = StorageManager.swift; sourceTree = "<group>"; };
		57B164212AA180B200E8260B /* UpdatePasswordView.swift */ = {isa = PBXFileReference; lastKnownFileType = sourcecode.swift; path = UpdatePasswordView.swift; sourceTree = "<group>"; };
		57C863882AA9D3A300FDA7F7 /* EditProfileView.swift */ = {isa = PBXFileReference; lastKnownFileType = sourcecode.swift; path = EditProfileView.swift; sourceTree = "<group>"; };
		57DA67522AB29B7C005CF4E5 /* ArticleDetailView.swift */ = {isa = PBXFileReference; lastKnownFileType = sourcecode.swift; path = ArticleDetailView.swift; sourceTree = "<group>"; };
		57DE41FF2A926146001344EA /* ImagePicker.swift */ = {isa = PBXFileReference; lastKnownFileType = sourcecode.swift; path = ImagePicker.swift; sourceTree = "<group>"; };
		57E432042AB6F53B0061081F /* DiscoverPlatformView.swift */ = {isa = PBXFileReference; lastKnownFileType = sourcecode.swift; path = DiscoverPlatformView.swift; sourceTree = "<group>"; };
/* End PBXFileReference section */

/* Begin PBXFrameworksBuildPhase section */
		578838B62A8C7C0C006A1586 /* Frameworks */ = {
			isa = PBXFrameworksBuildPhase;
			buildActionMask = 2147483647;
			files = (
				578838D72A8CA43B006A1586 /* FirebaseFirestoreSwift in Frameworks */,
				57DE41FE2A9240B9001344EA /* BottomSheet in Frameworks */,
				578838D12A8CA43B006A1586 /* FirebaseAnalyticsSwift in Frameworks */,
				57A9D6262AA57F800053C471 /* FirebaseStorage in Frameworks */,
				57345AC42A9A3BAC008F1F00 /* SDWebImageSwiftUI in Frameworks */,
				57FF051B2A9210D200F1A6CD /* VisualEffectView in Frameworks */,
				578838D52A8CA43B006A1586 /* FirebaseFirestore in Frameworks */,
				578838D32A8CA43B006A1586 /* FirebaseAuth in Frameworks */,
				578838CF2A8CA43B006A1586 /* FirebaseAnalytics in Frameworks */,
			);
			runOnlyForDeploymentPostprocessing = 0;
		};
/* End PBXFrameworksBuildPhase section */

/* Begin PBXGroup section */
		571190182AB842F9008939E5 /* ExperienceView */ = {
			isa = PBXGroup;
			children = (
				578838D82A8CD997006A1586 /* ExperienceView.swift */,
				571190192AB8435E008939E5 /* AddExperienceView.swift */,
				5711901B2AB843D5008939E5 /* EditExperienceView.swift */,
			);
			path = ExperienceView;
			sourceTree = "<group>";
		};
		5720C1E82A9318ED00498B8F /* Reusable */ = {
			isa = PBXGroup;
			children = (
				574775AE2A9AD9970093B930 /* ShareSheetView.swift */,
				577FB59F2A8E54CF009CA6C1 /* DiscoverCarouselView.swift */,
				5720C1E92A93190300498B8F /* TextFieldStyle.swift */,
				57345AC52A9A4D83008F1F00 /* PlatformIconView.swift */,
				57A2761A2AA7707500ECA989 /* PlatformSelectView.swift */,
				572BC43D2AA836C400E62003 /* GenreView.swift */,
				5739F0752AB2099500F5B22A /* TodayArticleView.swift */,
				5739F0772AB20C7D00F5B22A /* TodayGameView.swift */,
				574269B72A94659600752C81 /* GameDetailView.swift */,
				57DA67522AB29B7C005CF4E5 /* ArticleDetailView.swift */,
				571190162AB7E142008939E5 /* ExperienceCardView.swift */,
				5711EC232AEE8BA200F485A2 /* SearchBarView.swift */,
			);
			path = Reusable;
			sourceTree = "<group>";
		};
		57345ABC2A9A288C008F1F00 /* Manager */ = {
			isa = PBXGroup;
			children = (
				57345ABD2A9A2895008F1F00 /* Model.swift */,
				5721A5812AB0A3A9009AF08B /* ArticleManager.swift */,
				574775B02A9B33E40093B930 /* GameManager.swift */,
				574775B22A9B4BE00093B930 /* AuthManager.swift */,
				57A9D6222AA57EE80053C471 /* StorageManager.swift */,
			);
			path = Manager;
			sourceTree = "<group>";
		};
		573E5EE82A9D8661009A27EA /* AuthView */ = {
			isa = PBXGroup;
			children = (
				576E4D1D2A9867730053493A /* RootView.swift */,
				574775B42A9B6BD50093B930 /* SignUpView.swift */,
				571AED1E2A9CE4E700921EBC /* SignInView.swift */,
				573E5EE62A9D8655009A27EA /* ForgetPasswordView.swift */,
				57B164212AA180B200E8260B /* UpdatePasswordView.swift */,
				579271732AA32A7100F24217 /* UpdateEmailView.swift */,
				57438F9C2AA4515B00E98BB3 /* DeleteAccountView.swift */,
				57E432042AB6F53B0061081F /* DiscoverPlatformView.swift */,
			);
			path = AuthView;
			sourceTree = "<group>";
		};
		574269B22A942F9200752C81 /* Utility */ = {
			isa = PBXGroup;
			children = (
				5735EED22A8CF6FC00E3BB0C /* Extensions.swift */,
				5720C1E62A9311A400498B8F /* Enum.swift */,
				57DE41FF2A926146001344EA /* ImagePicker.swift */,
				5797B7DE2AF3B0DF00A72248 /* UtilityModifier.swift */,
			);
			path = Utility;
			sourceTree = "<group>";
		};
		574269B32A942FB100752C81 /* View */ = {
			isa = PBXGroup;
			children = (
				573E5EE82A9D8661009A27EA /* AuthView */,
				578838BE2A8C7C0C006A1586 /* TodayView.swift */,
				571190182AB842F9008939E5 /* ExperienceView */,
				578838DA2A8CD9AB006A1586 /* DiscoverView.swift */,
				57C863872AA9D39500FDA7F7 /* ProfileView */,
				575B4D2F2AE164C7003E4E1E /* SearchView.swift */,
			);
			path = View;
			sourceTree = "<group>";
		};
		578838B02A8C7C0C006A1586 = {
			isa = PBXGroup;
			children = (
				578838BB2A8C7C0C006A1586 /* Gado Gado */,
				578838BA2A8C7C0C006A1586 /* Products */,
				57A9D6242AA57F800053C471 /* Frameworks */,
			);
			sourceTree = "<group>";
		};
		578838BA2A8C7C0C006A1586 /* Products */ = {
			isa = PBXGroup;
			children = (
				578838B92A8C7C0C006A1586 /* Gado Gado.app */,
			);
			name = Products;
			sourceTree = "<group>";
		};
		578838BB2A8C7C0C006A1586 /* Gado Gado */ = {
			isa = PBXGroup;
			children = (
				578838C02A8C7C0E006A1586 /* Assets.xcassets */,
				578838BC2A8C7C0C006A1586 /* Gado_GadoApp.swift */,
				57A276192AA6DBE100ECA989 /* Gado-Gado-Info.plist */,
				57345ABA2A9A1FB9008F1F00 /* GoogleService-Info.plist */,
				57345ABC2A9A288C008F1F00 /* Manager */,
				578838C22A8C7C0E006A1586 /* Preview Content */,
				5720C1E82A9318ED00498B8F /* Reusable */,
				574269B22A942F9200752C81 /* Utility */,
				574269B32A942FB100752C81 /* View */,
			);
			path = "Gado Gado";
			sourceTree = "<group>";
		};
		578838C22A8C7C0E006A1586 /* Preview Content */ = {
			isa = PBXGroup;
			children = (
				578838C32A8C7C0E006A1586 /* Preview Assets.xcassets */,
			);
			path = "Preview Content";
			sourceTree = "<group>";
		};
		57A9D6242AA57F800053C471 /* Frameworks */ = {
			isa = PBXGroup;
			children = (
			);
			name = Frameworks;
			sourceTree = "<group>";
		};
		57C863872AA9D39500FDA7F7 /* ProfileView */ = {
			isa = PBXGroup;
			children = (
				578838DC2A8CD9BE006A1586 /* ProfileView.swift */,
				57C863882AA9D3A300FDA7F7 /* EditProfileView.swift */,
			);
			path = ProfileView;
			sourceTree = "<group>";
		};
/* End PBXGroup section */

/* Begin PBXNativeTarget section */
		578838B82A8C7C0C006A1586 /* Gado Gado */ = {
			isa = PBXNativeTarget;
			buildConfigurationList = 578838C72A8C7C0E006A1586 /* Build configuration list for PBXNativeTarget "Gado Gado" */;
			buildPhases = (
				578838B52A8C7C0C006A1586 /* Sources */,
				578838B62A8C7C0C006A1586 /* Frameworks */,
				578838B72A8C7C0C006A1586 /* Resources */,
			);
			buildRules = (
			);
			dependencies = (
			);
			name = "Gado Gado";
			packageProductDependencies = (
				578838CE2A8CA43B006A1586 /* FirebaseAnalytics */,
				578838D02A8CA43B006A1586 /* FirebaseAnalyticsSwift */,
				578838D22A8CA43B006A1586 /* FirebaseAuth */,
				578838D42A8CA43B006A1586 /* FirebaseFirestore */,
				578838D62A8CA43B006A1586 /* FirebaseFirestoreSwift */,
				57FF051A2A9210D200F1A6CD /* VisualEffectView */,
				57DE41FD2A9240B9001344EA /* BottomSheet */,
				57345AC32A9A3BAC008F1F00 /* SDWebImageSwiftUI */,
				57A9D6252AA57F800053C471 /* FirebaseStorage */,
			);
			productName = "Gado Gado";
			productReference = 578838B92A8C7C0C006A1586 /* Gado Gado.app */;
			productType = "com.apple.product-type.application";
		};
/* End PBXNativeTarget section */

/* Begin PBXProject section */
		578838B12A8C7C0C006A1586 /* Project object */ = {
			isa = PBXProject;
			attributes = {
				BuildIndependentTargetsInParallel = 1;
				LastSwiftUpdateCheck = 1430;
				LastUpgradeCheck = 1430;
				TargetAttributes = {
					578838B82A8C7C0C006A1586 = {
						CreatedOnToolsVersion = 14.3.1;
					};
				};
			};
			buildConfigurationList = 578838B42A8C7C0C006A1586 /* Build configuration list for PBXProject "Gado Gado" */;
			compatibilityVersion = "Xcode 14.0";
			developmentRegion = en;
			hasScannedForEncodings = 0;
			knownRegions = (
				en,
				Base,
			);
			mainGroup = 578838B02A8C7C0C006A1586;
			packageReferences = (
				578838CD2A8CA43B006A1586 /* XCRemoteSwiftPackageReference "firebase-ios-sdk" */,
				57FF05192A9210D200F1A6CD /* XCRemoteSwiftPackageReference "VisualEffectView" */,
				57DE41FC2A9240B9001344EA /* XCRemoteSwiftPackageReference "BottomSheet" */,
				57345AC22A9A3BAC008F1F00 /* XCRemoteSwiftPackageReference "SDWebImageSwiftUI" */,
			);
			productRefGroup = 578838BA2A8C7C0C006A1586 /* Products */;
			projectDirPath = "";
			projectRoot = "";
			targets = (
				578838B82A8C7C0C006A1586 /* Gado Gado */,
			);
		};
/* End PBXProject section */

/* Begin PBXResourcesBuildPhase section */
		578838B72A8C7C0C006A1586 /* Resources */ = {
			isa = PBXResourcesBuildPhase;
			buildActionMask = 2147483647;
			files = (
				578838C42A8C7C0E006A1586 /* Preview Assets.xcassets in Resources */,
				578838C12A8C7C0E006A1586 /* Assets.xcassets in Resources */,
				57345ABB2A9A1FB9008F1F00 /* GoogleService-Info.plist in Resources */,
			);
			runOnlyForDeploymentPostprocessing = 0;
		};
/* End PBXResourcesBuildPhase section */

/* Begin PBXSourcesBuildPhase section */
		578838B52A8C7C0C006A1586 /* Sources */ = {
			isa = PBXSourcesBuildPhase;
			buildActionMask = 2147483647;
			files = (
				573E5EE72A9D8655009A27EA /* ForgetPasswordView.swift in Sources */,
				574269B82A94659600752C81 /* GameDetailView.swift in Sources */,
				574775B12A9B33E40093B930 /* GameManager.swift in Sources */,
				5720C1EA2A93190300498B8F /* TextFieldStyle.swift in Sources */,
				572BC43E2AA836C400E62003 /* GenreView.swift in Sources */,
				57B164222AA180B200E8260B /* UpdatePasswordView.swift in Sources */,
				578838DB2A8CD9AB006A1586 /* DiscoverView.swift in Sources */,
				577FB5A02A8E54CF009CA6C1 /* DiscoverCarouselView.swift in Sources */,
				57345AC62A9A4D83008F1F00 /* PlatformIconView.swift in Sources */,
				579271742AA32A7100F24217 /* UpdateEmailView.swift in Sources */,
				57DE42002A926146001344EA /* ImagePicker.swift in Sources */,
				574775B32A9B4BE10093B930 /* AuthManager.swift in Sources */,
				57A2761B2AA7707500ECA989 /* PlatformSelectView.swift in Sources */,
				5711901A2AB8435E008939E5 /* AddExperienceView.swift in Sources */,
				57C863892AA9D3A300FDA7F7 /* EditProfileView.swift in Sources */,
				5721A5822AB0A3A9009AF08B /* ArticleManager.swift in Sources */,
				5739F0762AB2099500F5B22A /* TodayArticleView.swift in Sources */,
				5735EED32A8CF6FC00E3BB0C /* Extensions.swift in Sources */,
				57345ABE2A9A2896008F1F00 /* Model.swift in Sources */,
				5711901C2AB843D5008939E5 /* EditExperienceView.swift in Sources */,
				57DA67532AB29B7C005CF4E5 /* ArticleDetailView.swift in Sources */,
				571AED1F2A9CE4E700921EBC /* SignInView.swift in Sources */,
				578838D92A8CD997006A1586 /* ExperienceView.swift in Sources */,
				5797B7DF2AF3B0DF00A72248 /* UtilityModifier.swift in Sources */,
				57A9D6232AA57EE80053C471 /* StorageManager.swift in Sources */,
				57438F9D2AA4515B00E98BB3 /* DeleteAccountView.swift in Sources */,
				57E432052AB6F53B0061081F /* DiscoverPlatformView.swift in Sources */,
				5739F0782AB20C7D00F5B22A /* TodayGameView.swift in Sources */,
				571190172AB7E142008939E5 /* ExperienceCardView.swift in Sources */,
				575B4D302AE164C7003E4E1E /* SearchView.swift in Sources */,
				578838DD2A8CD9BE006A1586 /* ProfileView.swift in Sources */,
				576E4D1E2A9867730053493A /* RootView.swift in Sources */,
				574775AF2A9AD9970093B930 /* ShareSheetView.swift in Sources */,
				5711EC242AEE8BA200F485A2 /* SearchBarView.swift in Sources */,
				578838BF2A8C7C0C006A1586 /* TodayView.swift in Sources */,
				5720C1E72A9311A400498B8F /* Enum.swift in Sources */,
				574775B52A9B6BD50093B930 /* SignUpView.swift in Sources */,
				578838BD2A8C7C0C006A1586 /* Gado_GadoApp.swift in Sources */,
			);
			runOnlyForDeploymentPostprocessing = 0;
		};
/* End PBXSourcesBuildPhase section */

/* Begin XCBuildConfiguration section */
		578838C52A8C7C0E006A1586 /* Debug */ = {
			isa = XCBuildConfiguration;
			buildSettings = {
				ALWAYS_SEARCH_USER_PATHS = NO;
				CLANG_ANALYZER_NONNULL = YES;
				CLANG_ANALYZER_NUMBER_OBJECT_CONVERSION = YES_AGGRESSIVE;
				CLANG_CXX_LANGUAGE_STANDARD = "gnu++20";
				CLANG_ENABLE_MODULES = YES;
				CLANG_ENABLE_OBJC_ARC = YES;
				CLANG_ENABLE_OBJC_WEAK = YES;
				CLANG_WARN_BLOCK_CAPTURE_AUTORELEASING = YES;
				CLANG_WARN_BOOL_CONVERSION = YES;
				CLANG_WARN_COMMA = YES;
				CLANG_WARN_CONSTANT_CONVERSION = YES;
				CLANG_WARN_DEPRECATED_OBJC_IMPLEMENTATIONS = YES;
				CLANG_WARN_DIRECT_OBJC_ISA_USAGE = YES_ERROR;
				CLANG_WARN_DOCUMENTATION_COMMENTS = YES;
				CLANG_WARN_EMPTY_BODY = YES;
				CLANG_WARN_ENUM_CONVERSION = YES;
				CLANG_WARN_INFINITE_RECURSION = YES;
				CLANG_WARN_INT_CONVERSION = YES;
				CLANG_WARN_NON_LITERAL_NULL_CONVERSION = YES;
				CLANG_WARN_OBJC_IMPLICIT_RETAIN_SELF = YES;
				CLANG_WARN_OBJC_LITERAL_CONVERSION = YES;
				CLANG_WARN_OBJC_ROOT_CLASS = YES_ERROR;
				CLANG_WARN_QUOTED_INCLUDE_IN_FRAMEWORK_HEADER = YES;
				CLANG_WARN_RANGE_LOOP_ANALYSIS = YES;
				CLANG_WARN_STRICT_PROTOTYPES = YES;
				CLANG_WARN_SUSPICIOUS_MOVE = YES;
				CLANG_WARN_UNGUARDED_AVAILABILITY = YES_AGGRESSIVE;
				CLANG_WARN_UNREACHABLE_CODE = YES;
				CLANG_WARN__DUPLICATE_METHOD_MATCH = YES;
				COPY_PHASE_STRIP = NO;
				DEBUG_INFORMATION_FORMAT = dwarf;
				ENABLE_STRICT_OBJC_MSGSEND = YES;
				ENABLE_TESTABILITY = YES;
				GCC_C_LANGUAGE_STANDARD = gnu11;
				GCC_DYNAMIC_NO_PIC = NO;
				GCC_NO_COMMON_BLOCKS = YES;
				GCC_OPTIMIZATION_LEVEL = 0;
				GCC_PREPROCESSOR_DEFINITIONS = (
					"DEBUG=1",
					"$(inherited)",
				);
				GCC_WARN_64_TO_32_BIT_CONVERSION = YES;
				GCC_WARN_ABOUT_RETURN_TYPE = YES_ERROR;
				GCC_WARN_UNDECLARED_SELECTOR = YES;
				GCC_WARN_UNINITIALIZED_AUTOS = YES_AGGRESSIVE;
				GCC_WARN_UNUSED_FUNCTION = YES;
				GCC_WARN_UNUSED_VARIABLE = YES;
				IPHONEOS_DEPLOYMENT_TARGET = 16.4;
				MTL_ENABLE_DEBUG_INFO = INCLUDE_SOURCE;
				MTL_FAST_MATH = YES;
				ONLY_ACTIVE_ARCH = YES;
				SDKROOT = iphoneos;
				SWIFT_ACTIVE_COMPILATION_CONDITIONS = DEBUG;
				SWIFT_OPTIMIZATION_LEVEL = "-Onone";
			};
			name = Debug;
		};
		578838C62A8C7C0E006A1586 /* Release */ = {
			isa = XCBuildConfiguration;
			buildSettings = {
				ALWAYS_SEARCH_USER_PATHS = NO;
				CLANG_ANALYZER_NONNULL = YES;
				CLANG_ANALYZER_NUMBER_OBJECT_CONVERSION = YES_AGGRESSIVE;
				CLANG_CXX_LANGUAGE_STANDARD = "gnu++20";
				CLANG_ENABLE_MODULES = YES;
				CLANG_ENABLE_OBJC_ARC = YES;
				CLANG_ENABLE_OBJC_WEAK = YES;
				CLANG_WARN_BLOCK_CAPTURE_AUTORELEASING = YES;
				CLANG_WARN_BOOL_CONVERSION = YES;
				CLANG_WARN_COMMA = YES;
				CLANG_WARN_CONSTANT_CONVERSION = YES;
				CLANG_WARN_DEPRECATED_OBJC_IMPLEMENTATIONS = YES;
				CLANG_WARN_DIRECT_OBJC_ISA_USAGE = YES_ERROR;
				CLANG_WARN_DOCUMENTATION_COMMENTS = YES;
				CLANG_WARN_EMPTY_BODY = YES;
				CLANG_WARN_ENUM_CONVERSION = YES;
				CLANG_WARN_INFINITE_RECURSION = YES;
				CLANG_WARN_INT_CONVERSION = YES;
				CLANG_WARN_NON_LITERAL_NULL_CONVERSION = YES;
				CLANG_WARN_OBJC_IMPLICIT_RETAIN_SELF = YES;
				CLANG_WARN_OBJC_LITERAL_CONVERSION = YES;
				CLANG_WARN_OBJC_ROOT_CLASS = YES_ERROR;
				CLANG_WARN_QUOTED_INCLUDE_IN_FRAMEWORK_HEADER = YES;
				CLANG_WARN_RANGE_LOOP_ANALYSIS = YES;
				CLANG_WARN_STRICT_PROTOTYPES = YES;
				CLANG_WARN_SUSPICIOUS_MOVE = YES;
				CLANG_WARN_UNGUARDED_AVAILABILITY = YES_AGGRESSIVE;
				CLANG_WARN_UNREACHABLE_CODE = YES;
				CLANG_WARN__DUPLICATE_METHOD_MATCH = YES;
				COPY_PHASE_STRIP = NO;
				DEBUG_INFORMATION_FORMAT = "dwarf-with-dsym";
				ENABLE_NS_ASSERTIONS = NO;
				ENABLE_STRICT_OBJC_MSGSEND = YES;
				GCC_C_LANGUAGE_STANDARD = gnu11;
				GCC_NO_COMMON_BLOCKS = YES;
				GCC_WARN_64_TO_32_BIT_CONVERSION = YES;
				GCC_WARN_ABOUT_RETURN_TYPE = YES_ERROR;
				GCC_WARN_UNDECLARED_SELECTOR = YES;
				GCC_WARN_UNINITIALIZED_AUTOS = YES_AGGRESSIVE;
				GCC_WARN_UNUSED_FUNCTION = YES;
				GCC_WARN_UNUSED_VARIABLE = YES;
				IPHONEOS_DEPLOYMENT_TARGET = 16.4;
				MTL_ENABLE_DEBUG_INFO = NO;
				MTL_FAST_MATH = YES;
				SDKROOT = iphoneos;
				SWIFT_COMPILATION_MODE = wholemodule;
				SWIFT_OPTIMIZATION_LEVEL = "-O";
				VALIDATE_PRODUCT = YES;
			};
			name = Release;
		};
		578838C82A8C7C0E006A1586 /* Debug */ = {
			isa = XCBuildConfiguration;
			buildSettings = {
				ASSETCATALOG_COMPILER_APPICON_NAME = AppIcon;
				ASSETCATALOG_COMPILER_GLOBAL_ACCENT_COLOR_NAME = AccentColor;
				ASSETCATALOG_COMPILER_INCLUDE_ALL_APPICON_ASSETS = YES;
				CODE_SIGN_STYLE = Automatic;
				CURRENT_PROJECT_VERSION = 1;
				DEVELOPMENT_ASSET_PATHS = "\"Gado Gado/Preview Content\"";
				DEVELOPMENT_TEAM = XGVFACWZPQ;
				ENABLE_PREVIEWS = YES;
				GENERATE_INFOPLIST_FILE = YES;
				INFOPLIST_FILE = "Gado-Gado-Info.plist";
				INFOPLIST_KEY_CFBundleDisplayName = "Gado Gado";
				INFOPLIST_KEY_UIApplicationSceneManifest_Generation = YES;
				INFOPLIST_KEY_UIApplicationSupportsIndirectInputEvents = YES;
				INFOPLIST_KEY_UILaunchScreen_Generation = YES;
				INFOPLIST_KEY_UIStatusBarStyle = "";
				INFOPLIST_KEY_UISupportedInterfaceOrientations = UIInterfaceOrientationPortrait;
				INFOPLIST_KEY_UISupportedInterfaceOrientations_iPad = "UIInterfaceOrientationLandscapeLeft UIInterfaceOrientationLandscapeRight UIInterfaceOrientationPortrait UIInterfaceOrientationPortraitUpsideDown";
				IPHONEOS_DEPLOYMENT_TARGET = 14.0;
				LD_RUNPATH_SEARCH_PATHS = (
					"$(inherited)",
					"@executable_path/Frameworks",
				);
				MARKETING_VERSION = 1.0;
				PRODUCT_BUNDLE_IDENTIFIER = com.anugrahangga.gadogado;
				PRODUCT_NAME = "$(TARGET_NAME)";
				SUPPORTED_PLATFORMS = "iphoneos iphonesimulator";
				SUPPORTS_MACCATALYST = NO;
				SUPPORTS_MAC_DESIGNED_FOR_IPHONE_IPAD = YES;
				SWIFT_EMIT_LOC_STRINGS = YES;
				SWIFT_VERSION = 5.0;
				TARGETED_DEVICE_FAMILY = 1;
			};
			name = Debug;
		};
		578838C92A8C7C0E006A1586 /* Release */ = {
			isa = XCBuildConfiguration;
			buildSettings = {
				ASSETCATALOG_COMPILER_APPICON_NAME = AppIcon;
				ASSETCATALOG_COMPILER_GLOBAL_ACCENT_COLOR_NAME = AccentColor;
				ASSETCATALOG_COMPILER_INCLUDE_ALL_APPICON_ASSETS = YES;
				CODE_SIGN_STYLE = Automatic;
				CURRENT_PROJECT_VERSION = 1;
				DEVELOPMENT_ASSET_PATHS = "\"Gado Gado/Preview Content\"";
				DEVELOPMENT_TEAM = XGVFACWZPQ;
				ENABLE_PREVIEWS = YES;
				GENERATE_INFOPLIST_FILE = YES;
				INFOPLIST_FILE = "Gado-Gado-Info.plist";
				INFOPLIST_KEY_CFBundleDisplayName = "Gado Gado";
				INFOPLIST_KEY_UIApplicationSceneManifest_Generation = YES;
				INFOPLIST_KEY_UIApplicationSupportsIndirectInputEvents = YES;
				INFOPLIST_KEY_UILaunchScreen_Generation = YES;
				INFOPLIST_KEY_UIStatusBarStyle = "";
				INFOPLIST_KEY_UISupportedInterfaceOrientations = UIInterfaceOrientationPortrait;
				INFOPLIST_KEY_UISupportedInterfaceOrientations_iPad = "UIInterfaceOrientationLandscapeLeft UIInterfaceOrientationLandscapeRight UIInterfaceOrientationPortrait UIInterfaceOrientationPortraitUpsideDown";
				IPHONEOS_DEPLOYMENT_TARGET = 14.0;
				LD_RUNPATH_SEARCH_PATHS = (
					"$(inherited)",
					"@executable_path/Frameworks",
				);
				MARKETING_VERSION = 1.0;
				PRODUCT_BUNDLE_IDENTIFIER = com.anugrahangga.gadogado;
				PRODUCT_NAME = "$(TARGET_NAME)";
				SUPPORTED_PLATFORMS = "iphoneos iphonesimulator";
				SUPPORTS_MACCATALYST = NO;
				SUPPORTS_MAC_DESIGNED_FOR_IPHONE_IPAD = YES;
				SWIFT_EMIT_LOC_STRINGS = YES;
				SWIFT_VERSION = 5.0;
				TARGETED_DEVICE_FAMILY = 1;
			};
			name = Release;
		};
/* End XCBuildConfiguration section */

/* Begin XCConfigurationList section */
		578838B42A8C7C0C006A1586 /* Build configuration list for PBXProject "Gado Gado" */ = {
			isa = XCConfigurationList;
			buildConfigurations = (
				578838C52A8C7C0E006A1586 /* Debug */,
				578838C62A8C7C0E006A1586 /* Release */,
			);
			defaultConfigurationIsVisible = 0;
			defaultConfigurationName = Release;
		};
		578838C72A8C7C0E006A1586 /* Build configuration list for PBXNativeTarget "Gado Gado" */ = {
			isa = XCConfigurationList;
			buildConfigurations = (
				578838C82A8C7C0E006A1586 /* Debug */,
				578838C92A8C7C0E006A1586 /* Release */,
			);
			defaultConfigurationIsVisible = 0;
			defaultConfigurationName = Release;
		};
/* End XCConfigurationList section */

/* Begin XCRemoteSwiftPackageReference section */
		57345AC22A9A3BAC008F1F00 /* XCRemoteSwiftPackageReference "SDWebImageSwiftUI" */ = {
			isa = XCRemoteSwiftPackageReference;
			repositoryURL = "https://github.com/SDWebImage/SDWebImageSwiftUI";
			requirement = {
				kind = upToNextMajorVersion;
				minimumVersion = 2.0.0;
			};
		};
		578838CD2A8CA43B006A1586 /* XCRemoteSwiftPackageReference "firebase-ios-sdk" */ = {
			isa = XCRemoteSwiftPackageReference;
			repositoryURL = "https://github.com/firebase/firebase-ios-sdk.git";
			requirement = {
				kind = upToNextMajorVersion;
				minimumVersion = 10.0.0;
			};
		};
		57DE41FC2A9240B9001344EA /* XCRemoteSwiftPackageReference "BottomSheet" */ = {
			isa = XCRemoteSwiftPackageReference;
			repositoryURL = "https://github.com/lucaszischka/BottomSheet.git";
			requirement = {
				kind = upToNextMajorVersion;
				minimumVersion = 3.0.0;
			};
		};
		57FF05192A9210D200F1A6CD /* XCRemoteSwiftPackageReference "VisualEffectView" */ = {
			isa = XCRemoteSwiftPackageReference;
			repositoryURL = "https://github.com/efremidze/VisualEffectView.git";
			requirement = {
				kind = upToNextMajorVersion;
				minimumVersion = 4.0.0;
			};
		};
/* End XCRemoteSwiftPackageReference section */

/* Begin XCSwiftPackageProductDependency section */
		57345AC32A9A3BAC008F1F00 /* SDWebImageSwiftUI */ = {
			isa = XCSwiftPackageProductDependency;
			package = 57345AC22A9A3BAC008F1F00 /* XCRemoteSwiftPackageReference "SDWebImageSwiftUI" */;
			productName = SDWebImageSwiftUI;
		};
		578838CE2A8CA43B006A1586 /* FirebaseAnalytics */ = {
			isa = XCSwiftPackageProductDependency;
			package = 578838CD2A8CA43B006A1586 /* XCRemoteSwiftPackageReference "firebase-ios-sdk" */;
			productName = FirebaseAnalytics;
		};
		578838D02A8CA43B006A1586 /* FirebaseAnalyticsSwift */ = {
			isa = XCSwiftPackageProductDependency;
			package = 578838CD2A8CA43B006A1586 /* XCRemoteSwiftPackageReference "firebase-ios-sdk" */;
			productName = FirebaseAnalyticsSwift;
		};
		578838D22A8CA43B006A1586 /* FirebaseAuth */ = {
			isa = XCSwiftPackageProductDependency;
			package = 578838CD2A8CA43B006A1586 /* XCRemoteSwiftPackageReference "firebase-ios-sdk" */;
			productName = FirebaseAuth;
		};
		578838D42A8CA43B006A1586 /* FirebaseFirestore */ = {
			isa = XCSwiftPackageProductDependency;
			package = 578838CD2A8CA43B006A1586 /* XCRemoteSwiftPackageReference "firebase-ios-sdk" */;
			productName = FirebaseFirestore;
		};
		578838D62A8CA43B006A1586 /* FirebaseFirestoreSwift */ = {
			isa = XCSwiftPackageProductDependency;
			package = 578838CD2A8CA43B006A1586 /* XCRemoteSwiftPackageReference "firebase-ios-sdk" */;
			productName = FirebaseFirestoreSwift;
		};
		57A9D6252AA57F800053C471 /* FirebaseStorage */ = {
			isa = XCSwiftPackageProductDependency;
			package = 578838CD2A8CA43B006A1586 /* XCRemoteSwiftPackageReference "firebase-ios-sdk" */;
			productName = FirebaseStorage;
		};
		57DE41FD2A9240B9001344EA /* BottomSheet */ = {
			isa = XCSwiftPackageProductDependency;
			package = 57DE41FC2A9240B9001344EA /* XCRemoteSwiftPackageReference "BottomSheet" */;
			productName = BottomSheet;
		};
		57FF051A2A9210D200F1A6CD /* VisualEffectView */ = {
			isa = XCSwiftPackageProductDependency;
			package = 57FF05192A9210D200F1A6CD /* XCRemoteSwiftPackageReference "VisualEffectView" */;
			productName = VisualEffectView;
		};
/* End XCSwiftPackageProductDependency section */
	};
	rootObject = 578838B12A8C7C0C006A1586 /* Project object */;
}
